
Microsoft Visual Studio Solution File, Format Version 12.00
# Visual Studio Version 17
VisualStudioVersion = 17.2.32630.192
MinimumVisualStudioVersion = 10.0.40219.1
Project("{FAE04EC0-301F-11D3-BF4B-00C04F79EFBC}") = "UnityKubernetesClient", "UnityKubernetesClient.csproj", "{969AC0D7-5705-4CFF-8D06-82C08086C055}"
EndProject
Global
	GlobalSection(SolutionConfigurationPlatforms) = preSolution
		Debug|Any CPU = Debug|Any CPU
		Release|Any CPU = Release|Any CPU
	EndGlobalSection
	GlobalSection(ProjectConfigurationPlatforms) = postSolution
		{969AC0D7-5705-4CFF-8D06-82C08086C055}.Debug|Any CPU.ActiveCfg = Debug|Any CPU
		{969AC0D7-5705-4CFF-8D06-82C08086C055}.Debug|Any CPU.Build.0 = Debug|Any CPU
		{969AC0D7-5705-4CFF-8D06-82C08086C055}.Release|Any CPU.ActiveCfg = Release|Any CPU
		{969AC0D7-5705-4CFF-8D06-82C08086C055}.Release|Any CPU.Build.0 = Release|Any CPU
	EndGlobalSection
	GlobalSection(SolutionProperties) = preSolution
		HideSolutionNode = FALSE
	EndGlobalSection
	GlobalSection(ExtensibilityGlobals) = postSolution
		SolutionGuid = {A72A87DD-9AB1-4E94-B445-D63E1C4EAEE3}
	EndGlobalSection
EndGlobal
